
Microsoft Visual Studio Solution File, Format Version 12.00
# Visual Studio Version 17
VisualStudioVersion = 17.0.31903.59
MinimumVisualStudioVersion = 10.0.40219.1
Project("{2150E333-8FDC-42A3-9474-1A3956D46DE8}") = "src", "src", "{13B7B602-637C-4A8F-91BE-0EC9B753C163}"
EndProject
Project("{FAE04EC0-301F-11D3-BF4B-00C04F79EFBC}") = "ArchitectLuna.Core", "src\ArchitectLuna.Core\ArchitectLuna.Core.csproj", "{1322475A-70F4-480F-96C6-6219BDC88A3C}"
EndProject
Project("{FAE04EC0-301F-11D3-BF4B-00C04F79EFBC}") = "ArchitectLuna.Templates", "src\ArchitectLuna.Templates\ArchitectLuna.Templates.csproj", "{99329320-E8F2-4B3A-BB99-BC8DEB3DBB21}"
EndProject
Project("{FAE04EC0-301F-11D3-BF4B-00C04F79EFBC}") = "ArchitectLuna.Adapters.MediatR", "src\ArchitectLuna.Adapters.MediatR\ArchitectLuna.Adapters.MediatR.csproj", "{9259A67D-EBC1-4587-8256-E17A51CD919D}"
EndProject
Project("{FAE04EC0-301F-11D3-BF4B-00C04F79EFBC}") = "ArchitectLuna.Adapters.Wolverine", "src\ArchitectLuna.Adapters.Wolverine\ArchitectLuna.Adapters.Wolverine.csproj", "{A344D791-7D2E-43AC-B39D-C3C1E5B86005}"
EndProject
Project("{FAE04EC0-301F-11D3-BF4B-00C04F79EFBC}") = "ArchitectLuna.Cli", "src\ArchitectLuna.Cli\ArchitectLuna.Cli.csproj", "{6A7A99BF-D578-4222-B5D4-7F6854EFFEA9}"
EndProject
Project("{2150E333-8FDC-42A3-9474-1A3956D46DE8}") = "tests", "tests", "{896C864F-A2C4-4C9A-BF88-11380206FE3E}"
EndProject
Project("{FAE04EC0-301F-11D3-BF4B-00C04F79EFBC}") = "ArchitectLuna.Core.Tests", "tests\ArchitectLuna.Core.Tests\ArchitectLuna.Core.Tests.csproj", "{B9D57B18-EF2C-4F1A-A9AB-8C44534A24EB}"
EndProject
Project("{FAE04EC0-301F-11D3-BF4B-00C04F79EFBC}") = "ArchitectLuna.Persistence.EfCore", "src\ArchitectLuna.Persistence.EfCore\ArchitectLuna.Persistence.EfCore.csproj", "{AFB960BD-D110-4A9F-B9C1-A9074E1D5E9C}"
EndProject
Project("{FAE04EC0-301F-11D3-BF4B-00C04F79EFBC}") = "ArchitectLuna.Persistence.Marten", "src\ArchitectLuna.Persistence.Marten\ArchitectLuna.Persistence.Marten.csproj", "{4406AC31-F45A-4604-9C58-0061659F3A0C}"
EndProject
Project("{FAE04EC0-301F-11D3-BF4B-00C04F79EFBC}") = "ArchitectLuna.Ui", "src\ArchitectLuna.Ui\ArchitectLuna.Ui.csproj", "{85FEE40B-0FA3-45E3-B189-FB0ABF3B83C4}"
EndProject
Project("{FAE04EC0-301F-11D3-BF4B-00C04F79EFBC}") = "ArchitectLuna.EndToEnd.Tests", "tests\ArchitectLuna.EndToEnd.Tests\ArchitectLuna.EndToEnd.Tests.csproj", "{45189F1A-1176-4DDF-95B4-67E87C96DEFB}"
EndProject
Project("{FAE04EC0-301F-11D3-BF4B-00C04F79EFBC}") = "ArchitectLuna.Persistence.InMemory", "src\ArchitectLuna.Persistence.InMemory\ArchitectLuna.Persistence.InMemory.csproj", "{E9359856-3C63-406C-8DB6-215979C5356B}"
EndProject
Global
	GlobalSection(SolutionConfigurationPlatforms) = preSolution
		Debug|Any CPU = Debug|Any CPU
		Debug|x64 = Debug|x64
		Debug|x86 = Debug|x86
		Release|Any CPU = Release|Any CPU
		Release|x64 = Release|x64
		Release|x86 = Release|x86
	EndGlobalSection
	GlobalSection(ProjectConfigurationPlatforms) = postSolution
		{1322475A-70F4-480F-96C6-6219BDC88A3C}.Debug|Any CPU.ActiveCfg = Debug|Any CPU
		{1322475A-70F4-480F-96C6-6219BDC88A3C}.Debug|Any CPU.Build.0 = Debug|Any CPU
		{1322475A-70F4-480F-96C6-6219BDC88A3C}.Debug|x64.ActiveCfg = Debug|Any CPU
		{1322475A-70F4-480F-96C6-6219BDC88A3C}.Debug|x64.Build.0 = Debug|Any CPU
		{1322475A-70F4-480F-96C6-6219BDC88A3C}.Debug|x86.ActiveCfg = Debug|Any CPU
		{1322475A-70F4-480F-96C6-6219BDC88A3C}.Debug|x86.Build.0 = Debug|Any CPU
		{1322475A-70F4-480F-96C6-6219BDC88A3C}.Release|Any CPU.ActiveCfg = Release|Any CPU
		{1322475A-70F4-480F-96C6-6219BDC88A3C}.Release|Any CPU.Build.0 = Release|Any CPU
		{1322475A-70F4-480F-96C6-6219BDC88A3C}.Release|x64.ActiveCfg = Release|Any CPU
		{1322475A-70F4-480F-96C6-6219BDC88A3C}.Release|x64.Build.0 = Release|Any CPU
		{1322475A-70F4-480F-96C6-6219BDC88A3C}.Release|x86.ActiveCfg = Release|Any CPU
		{1322475A-70F4-480F-96C6-6219BDC88A3C}.Release|x86.Build.0 = Release|Any CPU
		{99329320-E8F2-4B3A-BB99-BC8DEB3DBB21}.Debug|Any CPU.ActiveCfg = Debug|Any CPU
		{99329320-E8F2-4B3A-BB99-BC8DEB3DBB21}.Debug|Any CPU.Build.0 = Debug|Any CPU
		{99329320-E8F2-4B3A-BB99-BC8DEB3DBB21}.Debug|x64.ActiveCfg = Debug|Any CPU
		{99329320-E8F2-4B3A-BB99-BC8DEB3DBB21}.Debug|x64.Build.0 = Debug|Any CPU
		{99329320-E8F2-4B3A-BB99-BC8DEB3DBB21}.Debug|x86.ActiveCfg = Debug|Any CPU
		{99329320-E8F2-4B3A-BB99-BC8DEB3DBB21}.Debug|x86.Build.0 = Debug|Any CPU
		{99329320-E8F2-4B3A-BB99-BC8DEB3DBB21}.Release|Any CPU.ActiveCfg = Release|Any CPU
		{99329320-E8F2-4B3A-BB99-BC8DEB3DBB21}.Release|Any CPU.Build.0 = Release|Any CPU
		{99329320-E8F2-4B3A-BB99-BC8DEB3DBB21}.Release|x64.ActiveCfg = Release|Any CPU
		{99329320-E8F2-4B3A-BB99-BC8DEB3DBB21}.Release|x64.Build.0 = Release|Any CPU
		{99329320-E8F2-4B3A-BB99-BC8DEB3DBB21}.Release|x86.ActiveCfg = Release|Any CPU
		{99329320-E8F2-4B3A-BB99-BC8DEB3DBB21}.Release|x86.Build.0 = Release|Any CPU
		{9259A67D-EBC1-4587-8256-E17A51CD919D}.Debug|Any CPU.ActiveCfg = Debug|Any CPU
		{9259A67D-EBC1-4587-8256-E17A51CD919D}.Debug|Any CPU.Build.0 = Debug|Any CPU
		{9259A67D-EBC1-4587-8256-E17A51CD919D}.Debug|x64.ActiveCfg = Debug|Any CPU
		{9259A67D-EBC1-4587-8256-E17A51CD919D}.Debug|x64.Build.0 = Debug|Any CPU
		{9259A67D-EBC1-4587-8256-E17A51CD919D}.Debug|x86.ActiveCfg = Debug|Any CPU
		{9259A67D-EBC1-4587-8256-E17A51CD919D}.Debug|x86.Build.0 = Debug|Any CPU
		{9259A67D-EBC1-4587-8256-E17A51CD919D}.Release|Any CPU.ActiveCfg = Release|Any CPU
		{9259A67D-EBC1-4587-8256-E17A51CD919D}.Release|Any CPU.Build.0 = Release|Any CPU
		{9259A67D-EBC1-4587-8256-E17A51CD919D}.Release|x64.ActiveCfg = Release|Any CPU
		{9259A67D-EBC1-4587-8256-E17A51CD919D}.Release|x64.Build.0 = Release|Any CPU
		{9259A67D-EBC1-4587-8256-E17A51CD919D}.Release|x86.ActiveCfg = Release|Any CPU
		{9259A67D-EBC1-4587-8256-E17A51CD919D}.Release|x86.Build.0 = Release|Any CPU
		{A344D791-7D2E-43AC-B39D-C3C1E5B86005}.Debug|Any CPU.ActiveCfg = Debug|Any CPU
		{A344D791-7D2E-43AC-B39D-C3C1E5B86005}.Debug|Any CPU.Build.0 = Debug|Any CPU
		{A344D791-7D2E-43AC-B39D-C3C1E5B86005}.Debug|x64.ActiveCfg = Debug|Any CPU
		{A344D791-7D2E-43AC-B39D-C3C1E5B86005}.Debug|x64.Build.0 = Debug|Any CPU
		{A344D791-7D2E-43AC-B39D-C3C1E5B86005}.Debug|x86.ActiveCfg = Debug|Any CPU
		{A344D791-7D2E-43AC-B39D-C3C1E5B86005}.Debug|x86.Build.0 = Debug|Any CPU
		{A344D791-7D2E-43AC-B39D-C3C1E5B86005}.Release|Any CPU.ActiveCfg = Release|Any CPU
		{A344D791-7D2E-43AC-B39D-C3C1E5B86005}.Release|Any CPU.Build.0 = Release|Any CPU
		{A344D791-7D2E-43AC-B39D-C3C1E5B86005}.Release|x64.ActiveCfg = Release|Any CPU
		{A344D791-7D2E-43AC-B39D-C3C1E5B86005}.Release|x64.Build.0 = Release|Any CPU
		{A344D791-7D2E-43AC-B39D-C3C1E5B86005}.Release|x86.ActiveCfg = Release|Any CPU
		{A344D791-7D2E-43AC-B39D-C3C1E5B86005}.Release|x86.Build.0 = Release|Any CPU
		{6A7A99BF-D578-4222-B5D4-7F6854EFFEA9}.Debug|Any CPU.ActiveCfg = Debug|Any CPU
		{6A7A99BF-D578-4222-B5D4-7F6854EFFEA9}.Debug|Any CPU.Build.0 = Debug|Any CPU
		{6A7A99BF-D578-4222-B5D4-7F6854EFFEA9}.Debug|x64.ActiveCfg = Debug|Any CPU
		{6A7A99BF-D578-4222-B5D4-7F6854EFFEA9}.Debug|x64.Build.0 = Debug|Any CPU
		{6A7A99BF-D578-4222-B5D4-7F6854EFFEA9}.Debug|x86.ActiveCfg = Debug|Any CPU
		{6A7A99BF-D578-4222-B5D4-7F6854EFFEA9}.Debug|x86.Build.0 = Debug|Any CPU
		{6A7A99BF-D578-4222-B5D4-7F6854EFFEA9}.Release|Any CPU.ActiveCfg = Release|Any CPU
		{6A7A99BF-D578-4222-B5D4-7F6854EFFEA9}.Release|Any CPU.Build.0 = Release|Any CPU
		{6A7A99BF-D578-4222-B5D4-7F6854EFFEA9}.Release|x64.ActiveCfg = Release|Any CPU
		{6A7A99BF-D578-4222-B5D4-7F6854EFFEA9}.Release|x64.Build.0 = Release|Any CPU
		{6A7A99BF-D578-4222-B5D4-7F6854EFFEA9}.Release|x86.ActiveCfg = Release|Any CPU
		{6A7A99BF-D578-4222-B5D4-7F6854EFFEA9}.Release|x86.Build.0 = Release|Any CPU
		{B9D57B18-EF2C-4F1A-A9AB-8C44534A24EB}.Debug|Any CPU.ActiveCfg = Debug|Any CPU
		{B9D57B18-EF2C-4F1A-A9AB-8C44534A24EB}.Debug|Any CPU.Build.0 = Debug|Any CPU
		{B9D57B18-EF2C-4F1A-A9AB-8C44534A24EB}.Debug|x64.ActiveCfg = Debug|Any CPU
		{B9D57B18-EF2C-4F1A-A9AB-8C44534A24EB}.Debug|x64.Build.0 = Debug|Any CPU
		{B9D57B18-EF2C-4F1A-A9AB-8C44534A24EB}.Debug|x86.ActiveCfg = Debug|Any CPU
		{B9D57B18-EF2C-4F1A-A9AB-8C44534A24EB}.Debug|x86.Build.0 = Debug|Any CPU
		{B9D57B18-EF2C-4F1A-A9AB-8C44534A24EB}.Release|Any CPU.ActiveCfg = Release|Any CPU
		{B9D57B18-EF2C-4F1A-A9AB-8C44534A24EB}.Release|Any CPU.Build.0 = Release|Any CPU
		{B9D57B18-EF2C-4F1A-A9AB-8C44534A24EB}.Release|x64.ActiveCfg = Release|Any CPU
		{B9D57B18-EF2C-4F1A-A9AB-8C44534A24EB}.Release|x64.Build.0 = Release|Any CPU
		{B9D57B18-EF2C-4F1A-A9AB-8C44534A24EB}.Release|x86.ActiveCfg = Release|Any CPU
		{B9D57B18-EF2C-4F1A-A9AB-8C44534A24EB}.Release|x86.Build.0 = Release|Any CPU
		{AFB960BD-D110-4A9F-B9C1-A9074E1D5E9C}.Debug|Any CPU.ActiveCfg = Debug|Any CPU
		{AFB960BD-D110-4A9F-B9C1-A9074E1D5E9C}.Debug|Any CPU.Build.0 = Debug|Any CPU
		{AFB960BD-D110-4A9F-B9C1-A9074E1D5E9C}.Debug|x64.ActiveCfg = Debug|Any CPU
		{AFB960BD-D110-4A9F-B9C1-A9074E1D5E9C}.Debug|x64.Build.0 = Debug|Any CPU
		{AFB960BD-D110-4A9F-B9C1-A9074E1D5E9C}.Debug|x86.ActiveCfg = Debug|Any CPU
		{AFB960BD-D110-4A9F-B9C1-A9074E1D5E9C}.Debug|x86.Build.0 = Debug|Any CPU
		{AFB960BD-D110-4A9F-B9C1-A9074E1D5E9C}.Release|Any CPU.ActiveCfg = Release|Any CPU
		{AFB960BD-D110-4A9F-B9C1-A9074E1D5E9C}.Release|Any CPU.Build.0 = Release|Any CPU
		{AFB960BD-D110-4A9F-B9C1-A9074E1D5E9C}.Release|x64.ActiveCfg = Release|Any CPU
		{AFB960BD-D110-4A9F-B9C1-A9074E1D5E9C}.Release|x64.Build.0 = Release|Any CPU
		{AFB960BD-D110-4A9F-B9C1-A9074E1D5E9C}.Release|x86.ActiveCfg = Release|Any CPU
		{AFB960BD-D110-4A9F-B9C1-A9074E1D5E9C}.Release|x86.Build.0 = Release|Any CPU
		{4406AC31-F45A-4604-9C58-0061659F3A0C}.Debug|Any CPU.ActiveCfg = Debug|Any CPU
		{4406AC31-F45A-4604-9C58-0061659F3A0C}.Debug|Any CPU.Build.0 = Debug|Any CPU
		{4406AC31-F45A-4604-9C58-0061659F3A0C}.Debug|x64.ActiveCfg = Debug|Any CPU
		{4406AC31-F45A-4604-9C58-0061659F3A0C}.Debug|x64.Build.0 = Debug|Any CPU
		{4406AC31-F45A-4604-9C58-0061659F3A0C}.Debug|x86.ActiveCfg = Debug|Any CPU
		{4406AC31-F45A-4604-9C58-0061659F3A0C}.Debug|x86.Build.0 = Debug|Any CPU
		{4406AC31-F45A-4604-9C58-0061659F3A0C}.Release|Any CPU.ActiveCfg = Release|Any CPU
		{4406AC31-F45A-4604-9C58-0061659F3A0C}.Release|Any CPU.Build.0 = Release|Any CPU
		{4406AC31-F45A-4604-9C58-0061659F3A0C}.Release|x64.ActiveCfg = Release|Any CPU
		{4406AC31-F45A-4604-9C58-0061659F3A0C}.Release|x64.Build.0 = Release|Any CPU
		{4406AC31-F45A-4604-9C58-0061659F3A0C}.Release|x86.ActiveCfg = Release|Any CPU
		{4406AC31-F45A-4604-9C58-0061659F3A0C}.Release|x86.Build.0 = Release|Any CPU
		{85FEE40B-0FA3-45E3-B189-FB0ABF3B83C4}.Debug|Any CPU.ActiveCfg = Debug|Any CPU
		{85FEE40B-0FA3-45E3-B189-FB0ABF3B83C4}.Debug|Any CPU.Build.0 = Debug|Any CPU
		{85FEE40B-0FA3-45E3-B189-FB0ABF3B83C4}.Debug|x64.ActiveCfg = Debug|Any CPU
		{85FEE40B-0FA3-45E3-B189-FB0ABF3B83C4}.Debug|x64.Build.0 = Debug|Any CPU
		{85FEE40B-0FA3-45E3-B189-FB0ABF3B83C4}.Debug|x86.ActiveCfg = Debug|Any CPU
		{85FEE40B-0FA3-45E3-B189-FB0ABF3B83C4}.Debug|x86.Build.0 = Debug|Any CPU
		{85FEE40B-0FA3-45E3-B189-FB0ABF3B83C4}.Release|Any CPU.ActiveCfg = Release|Any CPU
		{85FEE40B-0FA3-45E3-B189-FB0ABF3B83C4}.Release|Any CPU.Build.0 = Release|Any CPU
		{85FEE40B-0FA3-45E3-B189-FB0ABF3B83C4}.Release|x64.ActiveCfg = Release|Any CPU
		{85FEE40B-0FA3-45E3-B189-FB0ABF3B83C4}.Release|x64.Build.0 = Release|Any CPU
		{85FEE40B-0FA3-45E3-B189-FB0ABF3B83C4}.Release|x86.ActiveCfg = Release|Any CPU
		{85FEE40B-0FA3-45E3-B189-FB0ABF3B83C4}.Release|x86.Build.0 = Release|Any CPU
		{45189F1A-1176-4DDF-95B4-67E87C96DEFB}.Debug|Any CPU.ActiveCfg = Debug|Any CPU
		{45189F1A-1176-4DDF-95B4-67E87C96DEFB}.Debug|Any CPU.Build.0 = Debug|Any CPU
		{45189F1A-1176-4DDF-95B4-67E87C96DEFB}.Debug|x64.ActiveCfg = Debug|Any CPU
		{45189F1A-1176-4DDF-95B4-67E87C96DEFB}.Debug|x64.Build.0 = Debug|Any CPU
		{45189F1A-1176-4DDF-95B4-67E87C96DEFB}.Debug|x86.ActiveCfg = Debug|Any CPU
		{45189F1A-1176-4DDF-95B4-67E87C96DEFB}.Debug|x86.Build.0 = Debug|Any CPU
		{45189F1A-1176-4DDF-95B4-67E87C96DEFB}.Release|Any CPU.ActiveCfg = Release|Any CPU
		{45189F1A-1176-4DDF-95B4-67E87C96DEFB}.Release|Any CPU.Build.0 = Release|Any CPU
		{45189F1A-1176-4DDF-95B4-67E87C96DEFB}.Release|x64.ActiveCfg = Release|Any CPU
		{45189F1A-1176-4DDF-95B4-67E87C96DEFB}.Release|x64.Build.0 = Release|Any CPU
		{45189F1A-1176-4DDF-95B4-67E87C96DEFB}.Release|x86.ActiveCfg = Release|Any CPU
		{45189F1A-1176-4DDF-95B4-67E87C96DEFB}.Release|x86.Build.0 = Release|Any CPU
		{E9359856-3C63-406C-8DB6-215979C5356B}.Debug|Any CPU.ActiveCfg = Debug|Any CPU
		{E9359856-3C63-406C-8DB6-215979C5356B}.Debug|Any CPU.Build.0 = Debug|Any CPU
		{E9359856-3C63-406C-8DB6-215979C5356B}.Debug|x64.ActiveCfg = Debug|Any CPU
		{E9359856-3C63-406C-8DB6-215979C5356B}.Debug|x64.Build.0 = Debug|Any CPU
		{E9359856-3C63-406C-8DB6-215979C5356B}.Debug|x86.ActiveCfg = Debug|Any CPU
		{E9359856-3C63-406C-8DB6-215979C5356B}.Debug|x86.Build.0 = Debug|Any CPU
		{E9359856-3C63-406C-8DB6-215979C5356B}.Release|Any CPU.ActiveCfg = Release|Any CPU
		{E9359856-3C63-406C-8DB6-215979C5356B}.Release|Any CPU.Build.0 = Release|Any CPU
		{E9359856-3C63-406C-8DB6-215979C5356B}.Release|x64.ActiveCfg = Release|Any CPU
		{E9359856-3C63-406C-8DB6-215979C5356B}.Release|x64.Build.0 = Release|Any CPU
		{E9359856-3C63-406C-8DB6-215979C5356B}.Release|x86.ActiveCfg = Release|Any CPU
		{E9359856-3C63-406C-8DB6-215979C5356B}.Release|x86.Build.0 = Release|Any CPU
	EndGlobalSection
	GlobalSection(SolutionProperties) = preSolution
		HideSolutionNode = FALSE
	EndGlobalSection
	GlobalSection(NestedProjects) = preSolution
		{1322475A-70F4-480F-96C6-6219BDC88A3C} = {13B7B602-637C-4A8F-91BE-0EC9B753C163}
		{99329320-E8F2-4B3A-BB99-BC8DEB3DBB21} = {13B7B602-637C-4A8F-91BE-0EC9B753C163}
		{9259A67D-EBC1-4587-8256-E17A51CD919D} = {13B7B602-637C-4A8F-91BE-0EC9B753C163}
		{A344D791-7D2E-43AC-B39D-C3C1E5B86005} = {13B7B602-637C-4A8F-91BE-0EC9B753C163}
		{6A7A99BF-D578-4222-B5D4-7F6854EFFEA9} = {13B7B602-637C-4A8F-91BE-0EC9B753C163}
		{B9D57B18-EF2C-4F1A-A9AB-8C44534A24EB} = {896C864F-A2C4-4C9A-BF88-11380206FE3E}
		{AFB960BD-D110-4A9F-B9C1-A9074E1D5E9C} = {13B7B602-637C-4A8F-91BE-0EC9B753C163}
		{4406AC31-F45A-4604-9C58-0061659F3A0C} = {13B7B602-637C-4A8F-91BE-0EC9B753C163}
		{85FEE40B-0FA3-45E3-B189-FB0ABF3B83C4} = {13B7B602-637C-4A8F-91BE-0EC9B753C163}
		{45189F1A-1176-4DDF-95B4-67E87C96DEFB} = {896C864F-A2C4-4C9A-BF88-11380206FE3E}
		{E9359856-3C63-406C-8DB6-215979C5356B} = {13B7B602-637C-4A8F-91BE-0EC9B753C163}
	EndGlobalSection
EndGlobal
